# THIS IS AN AUTOGENERATED FILE. DO NOT EDIT THIS FILE DIRECTLY.
# yarn lockfile v1


openai@^5.23.0:
  version "5.23.0"
  resolved "https://registry.yarnpkg.com/openai/-/openai-5.23.0.tgz#6cc031e8aa29c36ce2e40a078f206c0d30cc9da2"
  integrity sha512-Cfq155NHzI7VWR67LUNJMIgPZy2oSh7Fld/OKhxq648BiUjELAvcge7g30xJ6vAfwwXf6TVK0KKuN+3nmIJG/A==
